# @generated by Move, please check-in and do not edit manually.

[move]
version = 3
manifest_digest = "B1AE36FF40A15A96FC252312CE2D2610C0AAC026784C10B0FE322247282C2358"
deps_digest = "F8BBB0CCB2491CA29A3DF03D6F92277A4F3574266507ACD77214D37ECA3F3082"
dependencies = [
  { id = "Iota", name = "Iota" },
]

[[move.package]]
id = "Iota"
source = { git = "https://github.com/iotaledger/iota.git", rev = "devnet", subdir = "crates/iota-framework/packages/iota-framework" }

dependencies = [
  { id = "MoveStdlib", name = "MoveStdlib" },
]

[[move.package]]
id = "MoveStdlib"
source = { git = "https://github.com/iotaledger/iota.git", rev = "devnet", subdir = "crates\\iota-framework\\packages\\move-stdlib" }

[move.toolchain-version]
compiler-version = "1.12.0"
edition = "2024"
flavor = "iota"

[env]

[env.testnet]
chain-id = "2304aa97"
original-published-id = "0xdedc2d5189c532b9222f4e0213fd0c1a309933f5ee6643ea822379cc3133a656"
latest-published-id = "0xdedc2d5189c532b9222f4e0213fd0c1a309933f5ee6643ea822379cc3133a656"
published-version = "1"
